{
  "lockfileVersion": 1,
  "dependencies": {
    "@material/animation": {
      "version": "0.2.3",
      "resolved": "https://registry.npmjs.org/@material/animation/-/animation-0.2.3.tgz",
      "integrity": "sha1-JfJJYs1knnZFmharI0t4Rqen9Bk="
    },
    "@material/auto-init": {
      "version": "0.1.2",
      "resolved": "https://registry.npmjs.org/@material/auto-init/-/auto-init-0.1.2.tgz",
      "integrity": "sha1-ptX4jv/wjAh+U/VcLN+7Is5vSQE="
    },
    "@material/base": {
      "version": "0.2.2",
      "resolved": "https://registry.npmjs.org/@material/base/-/base-0.2.2.tgz",
      "integrity": "sha1-iOak9v06NfYcG70DGXWxSxu7MNM="
    },
    "@material/button": {
      "version": "0.3.9",
      "resolved": "https://registry.npmjs.org/@material/button/-/button-0.3.9.tgz",
      "integrity": "sha1-PV0Iq+zR4qOmR2orUj/ixFaXGjQ="
    },
    "@material/card": {
      "version": "0.2.4",
      "resolved": "https://registry.npmjs.org/@material/card/-/card-0.2.4.tgz",
      "integrity": "sha1-CXsyMa6AfiLAtK4wocDmjyb9vEw="
    },
    "@material/checkbox": {
      "version": "0.4.0",
      "resolved": "https://registry.npmjs.org/@material/checkbox/-/checkbox-0.4.0.tgz",
      "integrity": "sha1-TknkjpKODZteiKvCiLMASDpU/XQ="
    },
    "@material/dialog": {
      "version": "0.3.3",
      "resolved": "https://registry.npmjs.org/@material/dialog/-/dialog-0.3.3.tgz",
      "integrity": "sha1-KXQu7mqDmLD4kuGR/hI7U+FYTlA=",
      "dependencies": {
        "@material/typography": {
          "version": "0.1.1",
          "resolved": "https://registry.npmjs.org/@material/typography/-/typography-0.1.1.tgz",
          "integrity": "sha1-+y40N70yhNOen7kUhXZ63msr0ME="
        }
      }
    },
    "@material/drawer": {
      "version": "0.5.2",
      "resolved": "https://registry.npmjs.org/@material/drawer/-/drawer-0.5.2.tgz",
      "integrity": "sha1-PHh49bL0+jsobJ49CJ4yUbFVAb0="
    },
    "@material/elevation": {
      "version": "0.1.9",
      "resolved": "https://registry.npmjs.org/@material/elevation/-/elevation-0.1.9.tgz",
      "integrity": "sha1-1UwRucV4VQcqt8WWNri2qHh8dvQ="
    },
    "@material/fab": {
      "version": "0.3.11",
      "resolved": "https://registry.npmjs.org/@material/fab/-/fab-0.3.11.tgz",
      "integrity": "sha1-Iey0TV+yfkDsEAGP3emMgUMrGeo="
    },
    "@material/form-field": {
      "version": "0.2.9",
      "resolved": "https://registry.npmjs.org/@material/form-field/-/form-field-0.2.9.tgz",
      "integrity": "sha1-vqiFzJVjqyp/pAnxUi4qJEIJB7g="
    },
    "@material/grid-list": {
      "version": "0.2.6",
      "resolved": "https://registry.npmjs.org/@material/grid-list/-/grid-list-0.2.6.tgz",
      "integrity": "sha1-bBg28LNXr+kOHxI1aWCrdvWYL68="
    },
    "@material/icon-toggle": {
      "version": "0.1.14",
      "resolved": "https://registry.npmjs.org/@material/icon-toggle/-/icon-toggle-0.1.14.tgz",
      "integrity": "sha1-fyiJYuFr0rduMLRqEk9epkc/aSY="
    },
    "@material/layout-grid": {
      "version": "0.4.0",
      "resolved": "https://registry.npmjs.org/@material/layout-grid/-/layout-grid-0.4.0.tgz",
      "integrity": "sha1-xqSN0PLAmB4Awh2aaeSlq44/vR4="
    },
    "@material/linear-progress": {
      "version": "0.1.4",
      "resolved": "https://registry.npmjs.org/@material/linear-progress/-/linear-progress-0.1.4.tgz",
      "integrity": "sha1-SGsevVaBoAPdfJmWbEBkDWbmsNg="
    },
    "@material/list": {
      "version": "0.2.12",
      "resolved": "https://registry.npmjs.org/@material/list/-/list-0.2.12.tgz",
      "integrity": "sha1-MB5rC8L0hhPZiTob7Qd1WZzu8f4="
    },
    "@material/menu": {
      "version": "0.4.1",
      "resolved": "https://registry.npmjs.org/@material/menu/-/menu-0.4.1.tgz",
      "integrity": "sha1-/NVzpq6QlxmZ1xEWKV028Zlr1gQ="
    },
    "@material/radio": {
      "version": "0.2.7",
      "resolved": "https://registry.npmjs.org/@material/radio/-/radio-0.2.7.tgz",
      "integrity": "sha1-8N1gbLrzy1w4Mxh1Ykmd3Fs2jyg="
    },
    "@material/ripple": {
      "version": "0.8.0",
      "resolved": "https://registry.npmjs.org/@material/ripple/-/ripple-0.8.0.tgz",
      "integrity": "sha1-yCSYJ7OO6K8xEJj5P2BMfdipYbg="
    },
    "@material/rtl": {
      "version": "0.1.6",
      "resolved": "https://registry.npmjs.org/@material/rtl/-/rtl-0.1.6.tgz",
      "integrity": "sha1-ZIl/MFCyxTw3jGtKfSmYz2GyRFs="
    },
    "@material/select": {
      "version": "0.3.10",
      "resolved": "https://registry.npmjs.org/@material/select/-/select-0.3.10.tgz",
      "integrity": "sha1-nae1hoHcwJmeZ9MdVMDcyvGfRcg="
    },
    "@material/slider": {
      "version": "0.2.0",
      "resolved": "https://registry.npmjs.org/@material/slider/-/slider-0.2.0.tgz",
      "integrity": "sha1-GpKThFA8o7IPzyLbWE8DSx4gYuM="
    },
    "@material/snackbar": {
      "version": "0.3.0",
      "resolved": "https://registry.npmjs.org/@material/snackbar/-/snackbar-0.3.0.tgz",
      "integrity": "sha1-icVYb9+0qIHFjMjsxeRZXdhalAI="
    },
    "@material/switch": {
      "version": "0.1.9",
      "resolved": "https://registry.npmjs.org/@material/switch/-/switch-0.1.9.tgz",
      "integrity": "sha1-HdqqZnXJ45m1tN1MCQGgg4yQ5cY="
    },
    "@material/tabs": {
      "version": "0.2.3",
      "resolved": "https://registry.npmjs.org/@material/tabs/-/tabs-0.2.3.tgz",
      "integrity": "sha1-eUuQaNzkc5ekRVZQUbET8UW+LPk="
    },
    "@material/textfield": {
      "version": "0.3.1",
      "resolved": "https://registry.npmjs.org/@material/textfield/-/textfield-0.3.1.tgz",
      "integrity": "sha1-jPavyJ+h0ADKMs/jC/qhkvw78/8="
    },
    "@material/theme": {
      "version": "0.1.5",
      "resolved": "https://registry.npmjs.org/@material/theme/-/theme-0.1.5.tgz",
      "integrity": "sha1-XHvZoZdNjBwOrPA34CNarZxctpk="
    },
    "@material/toolbar": {
      "version": "0.4.2",
      "resolved": "https://registry.npmjs.org/@material/toolbar/-/toolbar-0.4.2.tgz",
      "integrity": "sha1-udR3kFSISForG/mtuypenJIh9ic="
    },
    "@material/typography": {
      "version": "0.2.2",
      "resolved": "https://registry.npmjs.org/@material/typography/-/typography-0.2.2.tgz",
      "integrity": "sha1-3F8HY619blrVyGw5SzYPK0zzC7I="
    },
    "focus-trap": {
      "version": "2.3.0",
      "resolved": "https://registry.npmjs.org/focus-trap/-/focus-trap-2.3.0.tgz",
      "integrity": "sha1-B8kZZIZ9NGMV9PX434i/lkVTFuI="
    },
    "material-components-web": {
      "version": "0.15.0",
      "resolved": "https://registry.npmjs.org/material-components-web/-/material-components-web-0.15.0.tgz",
      "integrity": "sha1-Qoblz2XATSZrdY3vvgsUqQ4cj68="
    },
    "tabbable": {
      "version": "1.0.6",
      "resolved": "https://registry.npmjs.org/tabbable/-/tabbable-1.0.6.tgz",
      "integrity": "sha1-fCaofqb0ol7fXtthl0WgrnQHJPw="
    }
  }
}
